
Microsoft Visual Studio Solution File, Format Version 12.00
# Visual Studio 15
Project("{FAE04EC0-301F-11D3-BF4B-00C04F79EFBC}") = "DutchBlitz", "Assembly-CSharp.csproj", "{9253662F-8001-7090-2CD0-C533A1F0230B}"
EndProject
Project("{FAE04EC0-301F-11D3-BF4B-00C04F79EFBC}") = "DutchBlitz", "Assembly-CSharp-Editor.csproj", "{8B078115-CA6D-EAF7-7D2A-0B498140F416}"
EndProject
Global
	GlobalSection(SolutionConfigurationPlatforms) = preSolution
		Debug|Any CPU = Debug|Any CPU
		Release|Any CPU = Release|Any CPU
	EndGlobalSection
	GlobalSection(ProjectConfigurationPlatforms) = postSolution
		{9253662F-8001-7090-2CD0-C533A1F0230B}.Debug|Any CPU.ActiveCfg = Debug|Any CPU
		{9253662F-8001-7090-2CD0-C533A1F0230B}.Debug|Any CPU.Build.0 = Debug|Any CPU
		{9253662F-8001-7090-2CD0-C533A1F0230B}.Release|Any CPU.ActiveCfg = Release|Any CPU
		{9253662F-8001-7090-2CD0-C533A1F0230B}.Release|Any CPU.Build.0 = Release|Any CPU
		{8B078115-CA6D-EAF7-7D2A-0B498140F416}.Debug|Any CPU.ActiveCfg = Debug|Any CPU
		{8B078115-CA6D-EAF7-7D2A-0B498140F416}.Debug|Any CPU.Build.0 = Debug|Any CPU
		{8B078115-CA6D-EAF7-7D2A-0B498140F416}.Release|Any CPU.ActiveCfg = Release|Any CPU
		{8B078115-CA6D-EAF7-7D2A-0B498140F416}.Release|Any CPU.Build.0 = Release|Any CPU
	EndGlobalSection
	GlobalSection(SolutionProperties) = preSolution
		HideSolutionNode = FALSE
	EndGlobalSection
EndGlobal
